
Microsoft Visual Studio Solution File, Format Version 12.00
# Visual Studio 15
VisualStudioVersion = 15.0.28307.1082
MinimumVisualStudioVersion = 10.0.40219.1
Project("{888888A0-9F3D-457C-B088-3A5042F75D52}") = "AI_image_analyzer", "AI_image_analyzer.pyproj", "{54880BAA-D064-4301-883C-8997A9A5160C}"
EndProject
Global
	GlobalSection(SolutionConfigurationPlatforms) = preSolution
		Debug|Any CPU = Debug|Any CPU
		Release|Any CPU = Release|Any CPU
	EndGlobalSection
	GlobalSection(ProjectConfigurationPlatforms) = postSolution
		{54880BAA-D064-4301-883C-8997A9A5160C}.Debug|Any CPU.ActiveCfg = Debug|Any CPU
		{54880BAA-D064-4301-883C-8997A9A5160C}.Release|Any CPU.ActiveCfg = Release|Any CPU
	EndGlobalSection
	GlobalSection(SolutionProperties) = preSolution
		HideSolutionNode = FALSE
	EndGlobalSection
	GlobalSection(ExtensibilityGlobals) = postSolution
		SolutionGuid = {983E1EB8-D878-41FB-9104-B73EC6CA6745}
	EndGlobalSection
EndGlobal
